
Microsoft Visual Studio Solution File, Format Version 12.00
# Visual Studio Version 16
VisualStudioVersion = 16.0.30225.117
MinimumVisualStudioVersion = 10.0.40219.1
Project("{FAE04EC0-301F-11D3-BF4B-00C04F79EFBC}") = "POS_Terminal", "POS_Terminal\POS_Terminal.csproj", "{319B864C-2A37-4493-B3A6-6A6A74653C8E}"
EndProject
Project("{FAE04EC0-301F-11D3-BF4B-00C04F79EFBC}") = "XUnitTestPOS", "XUnitTestPOS\XUnitTestPOS.csproj", "{F523CE72-0FF2-4304-881C-22A6E912C0DC}"
EndProject
Global
	GlobalSection(SolutionConfigurationPlatforms) = preSolution
		Debug|Any CPU = Debug|Any CPU
		Release|Any CPU = Release|Any CPU
	EndGlobalSection
	GlobalSection(ProjectConfigurationPlatforms) = postSolution
		{319B864C-2A37-4493-B3A6-6A6A74653C8E}.Debug|Any CPU.ActiveCfg = Debug|Any CPU
		{319B864C-2A37-4493-B3A6-6A6A74653C8E}.Debug|Any CPU.Build.0 = Debug|Any CPU
		{319B864C-2A37-4493-B3A6-6A6A74653C8E}.Release|Any CPU.ActiveCfg = Release|Any CPU
		{319B864C-2A37-4493-B3A6-6A6A74653C8E}.Release|Any CPU.Build.0 = Release|Any CPU
		{F523CE72-0FF2-4304-881C-22A6E912C0DC}.Debug|Any CPU.ActiveCfg = Debug|Any CPU
		{F523CE72-0FF2-4304-881C-22A6E912C0DC}.Debug|Any CPU.Build.0 = Debug|Any CPU
		{F523CE72-0FF2-4304-881C-22A6E912C0DC}.Release|Any CPU.ActiveCfg = Release|Any CPU
		{F523CE72-0FF2-4304-881C-22A6E912C0DC}.Release|Any CPU.Build.0 = Release|Any CPU
	EndGlobalSection
	GlobalSection(SolutionProperties) = preSolution
		HideSolutionNode = FALSE
	EndGlobalSection
	GlobalSection(ExtensibilityGlobals) = postSolution
		SolutionGuid = {FB126FF8-073A-4FF5-942A-6C1B4FDFF53E}
	EndGlobalSection
EndGlobal
